PODS:
  - Toast (4.0.0)
  - XLForm (4.0.0)

DEPENDENCIES:
  - Toast
  - XLForm

SPEC REPOS:
  https://github.com/cocoapods/specs.git:
    - Toast
    - XLForm

SPEC CHECKSUMS:
  Toast: 91b396c56ee72a5790816f40d3a94dd357abc196
  XLForm: 04110197c12187dd28a6c7295d3d8b95f4fdb4de

PODFILE CHECKSUM: 058ec6ef7096f00db0b4bc5444ed5be09e3be684

COCOAPODS: 1.5.2
